
Microsoft Visual Studio Solution File, Format Version 12.00
# Visual Studio Version 16
VisualStudioVersion = 16.0.29009.5
MinimumVisualStudioVersion = 10.0.40219.1
Project("{FAE04EC0-301F-11D3-BF4B-00C04F79EFBC}") = "PiWeb", "PiWeb.csproj", "{90FA2032-4802-4EC0-98E3-7D2828556301}"
EndProject
Global
	GlobalSection(SolutionConfigurationPlatforms) = preSolution
		Debug|Any CPU = Debug|Any CPU
		Release|Any CPU = Release|Any CPU
	EndGlobalSection
	GlobalSection(ProjectConfigurationPlatforms) = postSolution
		{90FA2032-4802-4EC0-98E3-7D2828556301}.Debug|Any CPU.ActiveCfg = Debug|Any CPU
		{90FA2032-4802-4EC0-98E3-7D2828556301}.Debug|Any CPU.Build.0 = Debug|Any CPU
		{90FA2032-4802-4EC0-98E3-7D2828556301}.Release|Any CPU.ActiveCfg = Release|Any CPU
		{90FA2032-4802-4EC0-98E3-7D2828556301}.Release|Any CPU.Build.0 = Release|Any CPU
	EndGlobalSection
	GlobalSection(SolutionProperties) = preSolution
		HideSolutionNode = FALSE
	EndGlobalSection
	GlobalSection(ExtensibilityGlobals) = postSolution
		SolutionGuid = {57BAF6DE-0EAC-432B-B1F7-1D6A3CD38A47}
	EndGlobalSection
EndGlobal
